// !$*UTF8*$!
{
	archiveVersion = 1;
	classes = {
	};
	objectVersion = 52;
	objects = {

/* Begin PBXBuildFile section */
		762D812024201800003ECC2A /* CodeScanner.swift in Sources */ = {isa = PBXBuildFile; fileRef = 762D811F24201800003ECC2A /* CodeScanner.swift */; };
		762D812224214534003ECC2A /* QRScannerController.swift in Sources */ = {isa = PBXBuildFile; fileRef = 762D812124214534003ECC2A /* QRScannerController.swift */; };
		762D8124242146D7003ECC2A /* ScannerViewController.swift in Sources */ = {isa = PBXBuildFile; fileRef = 762D8123242146D7003ECC2A /* ScannerViewController.swift */; };
		7667640C2405C1C00067241F /* WireList.swift in Sources */ = {isa = PBXBuildFile; fileRef = 7667640B2405C1C00067241F /* WireList.swift */; };
		766764132405C72F0067241F /* WireRow.swift in Sources */ = {isa = PBXBuildFile; fileRef = 766764122405C72F0067241F /* WireRow.swift */; };
		766764152405C8D90067241F /* wireData.json in Resources */ = {isa = PBXBuildFile; fileRef = 766764142405C8D90067241F /* wireData.json */; };
		766764192405CA920067241F /* WireDetail.swift in Sources */ = {isa = PBXBuildFile; fileRef = 766764182405CA920067241F /* WireDetail.swift */; };
		7667641E2405DCD00067241F /* Wire.swift in Sources */ = {isa = PBXBuildFile; fileRef = 7667641D2405DCD00067241F /* Wire.swift */; };
		766764202405DDAD0067241F /* Data.swift in Sources */ = {isa = PBXBuildFile; fileRef = 7667641F2405DDAD0067241F /* Data.swift */; };
		766764222405DFEC0067241F /* QRViewController.swift in Sources */ = {isa = PBXBuildFile; fileRef = 766764212405DFEC0067241F /* QRViewController.swift */; };
		766764312405E4990067241F /* twinlake.jpg in Resources */ = {isa = PBXBuildFile; fileRef = 766764252405E4980067241F /* twinlake.jpg */; };
		766764322405E4990067241F /* yukon_charleyrivers.jpg in Resources */ = {isa = PBXBuildFile; fileRef = 766764262405E4990067241F /* yukon_charleyrivers.jpg */; };
		766764332405E4990067241F /* hiddenlake.jpg in Resources */ = {isa = PBXBuildFile; fileRef = 766764272405E4990067241F /* hiddenlake.jpg */; };
		766764342405E4990067241F /* lakemcdonald.jpg in Resources */ = {isa = PBXBuildFile; fileRef = 766764282405E4990067241F /* lakemcdonald.jpg */; };
		766764352405E4990067241F /* turtlerock.jpg in Resources */ = {isa = PBXBuildFile; fileRef = 766764292405E4990067241F /* turtlerock.jpg */; };
		766764362405E4990067241F /* chincoteague.jpg in Resources */ = {isa = PBXBuildFile; fileRef = 7667642A2405E4990067241F /* chincoteague.jpg */; };
		766764372405E4990067241F /* umbagog.jpg in Resources */ = {isa = PBXBuildFile; fileRef = 7667642B2405E4990067241F /* umbagog.jpg */; };
		766764382405E4990067241F /* chilkoottrail.jpg in Resources */ = {isa = PBXBuildFile; fileRef = 7667642C2405E4990067241F /* chilkoottrail.jpg */; };
		766764392405E4990067241F /* icybay.jpg in Resources */ = {isa = PBXBuildFile; fileRef = 7667642D2405E4990067241F /* icybay.jpg */; };
		7667643A2405E4990067241F /* stmarylake.jpg in Resources */ = {isa = PBXBuildFile; fileRef = 7667642E2405E4990067241F /* stmarylake.jpg */; };
		7667643B2405E4990067241F /* rainbowlake.jpg in Resources */ = {isa = PBXBuildFile; fileRef = 7667642F2405E4990067241F /* rainbowlake.jpg */; };
		7667643C2405E4990067241F /* silversalmoncreek.jpg in Resources */ = {isa = PBXBuildFile; fileRef = 766764302405E4990067241F /* silversalmoncreek.jpg */; };
		7667643E240600610067241F /* Main.storyboard in Resources */ = {isa = PBXBuildFile; fileRef = 7667643D240600610067241F /* Main.storyboard */; };
		76676442240717360067241F /* LoginView.swift in Sources */ = {isa = PBXBuildFile; fileRef = 76676441240717360067241F /* LoginView.swift */; };
		76676447240766250067241F /* ServerRec.json in Resources */ = {isa = PBXBuildFile; fileRef = 76676446240766250067241F /* ServerRec.json */; };
		76676449240766F90067241F /* User.swift in Sources */ = {isa = PBXBuildFile; fileRef = 76676448240766F90067241F /* User.swift */; };
		7667644B240787590067241F /* LoginData.swift in Sources */ = {isa = PBXBuildFile; fileRef = 7667644A240787590067241F /* LoginData.swift */; };
		7667644F240789E50067241F /* Login.swift in Sources */ = {isa = PBXBuildFile; fileRef = 7667644E240789E50067241F /* Login.swift */; };
		7667645124079A060067241F /* ServerRec2.json in Resources */ = {isa = PBXBuildFile; fileRef = 7667645024079A050067241F /* ServerRec2.json */; };
		7667645324079E170067241F /* SLAC_logo.png in Resources */ = {isa = PBXBuildFile; fileRef = 7667645224079E170067241F /* SLAC_logo.png */; };
		76676455240841E20067241F /* JSONContainerCodable.swift in Sources */ = {isa = PBXBuildFile; fileRef = 76676454240841E20067241F /* JSONContainerCodable.swift */; };
		7691565D240F819100284852 /* LoginViewController.swift in Sources */ = {isa = PBXBuildFile; fileRef = 7691565C240F819100284852 /* LoginViewController.swift */; };
		7691565F240F81AB00284852 /* ViewController.swift in Sources */ = {isa = PBXBuildFile; fileRef = 7691565E240F81AB00284852 /* ViewController.swift */; };
		76915661240F81DD00284852 /* RegisterViewController.swift in Sources */ = {isa = PBXBuildFile; fileRef = 76915660240F81DD00284852 /* RegisterViewController.swift */; };
		76A28AA7240DD295008D8A27 /* QRCodeReader in Frameworks */ = {isa = PBXBuildFile; productRef = 76A28AA6240DD295008D8A27 /* QRCodeReader */; };
		76A28AA9240DD5FE008D8A27 /* QRCodeReaderViewControllerDelegate.swift in Sources */ = {isa = PBXBuildFile; fileRef = 76A28AA8240DD5FE008D8A27 /* QRCodeReaderViewControllerDelegate.swift */; };
		76B33B1B24044B0D00CB7438 /* AppDelegate.swift in Sources */ = {isa = PBXBuildFile; fileRef = 76B33B1A24044B0D00CB7438 /* AppDelegate.swift */; };
		76B33B1D24044B0D00CB7438 /* SceneDelegate.swift in Sources */ = {isa = PBXBuildFile; fileRef = 76B33B1C24044B0D00CB7438 /* SceneDelegate.swift */; };
		76B33B1F24044B0D00CB7438 /* ContentView.swift in Sources */ = {isa = PBXBuildFile; fileRef = 76B33B1E24044B0D00CB7438 /* ContentView.swift */; };
		76B33B2124044B0E00CB7438 /* Assets.xcassets in Resources */ = {isa = PBXBuildFile; fileRef = 76B33B2024044B0E00CB7438 /* Assets.xcassets */; };
		76B33B2424044B0E00CB7438 /* Preview Assets.xcassets in Resources */ = {isa = PBXBuildFile; fileRef = 76B33B2324044B0E00CB7438 /* Preview Assets.xcassets */; };
		76B33B2724044B0E00CB7438 /* LaunchScreen.storyboard in Resources */ = {isa = PBXBuildFile; fileRef = 76B33B2524044B0E00CB7438 /* LaunchScreen.storyboard */; };
		76CEA8E7240483D300D93EBB /* authen.swift in Sources */ = {isa = PBXBuildFile; fileRef = 76CEA8E6240483D300D93EBB /* authen.swift */; };
		76E4A837240F21030019369A /* SwiftUIView.swift in Sources */ = {isa = PBXBuildFile; fileRef = 76E4A836240F21030019369A /* SwiftUIView.swift */; };
		76E4A839240F21490019369A /* QRView.swift in Sources */ = {isa = PBXBuildFile; fileRef = 76E4A838240F21490019369A /* QRView.swift */; };
		76F4E24D2422A62B00852F56 /* FolderRow.swift in Sources */ = {isa = PBXBuildFile; fileRef = 76F4E24C2422A62B00852F56 /* FolderRow.swift */; };
		76F4E24F242A5B7F00852F56 /* QRPicker.swift in Sources */ = {isa = PBXBuildFile; fileRef = 76F4E24E242A5B7E00852F56 /* QRPicker.swift */; };
/* End PBXBuildFile section */

/* Begin PBXFileReference section */
		762D811F24201800003ECC2A /* CodeScanner.swift */ = {isa = PBXFileReference; lastKnownFileType = sourcecode.swift; path = CodeScanner.swift; sourceTree = "<group>"; };
		762D812124214534003ECC2A /* QRScannerController.swift */ = {isa = PBXFileReference; lastKnownFileType = sourcecode.swift; path = QRScannerController.swift; sourceTree = "<group>"; };
		762D8123242146D7003ECC2A /* ScannerViewController.swift */ = {isa = PBXFileReference; lastKnownFileType = sourcecode.swift; path = ScannerViewController.swift; sourceTree = "<group>"; };
		7667640B2405C1C00067241F /* WireList.swift */ = {isa = PBXFileReference; lastKnownFileType = sourcecode.swift; path = WireList.swift; sourceTree = "<group>"; };
		766764122405C72F0067241F /* WireRow.swift */ = {isa = PBXFileReference; lastKnownFileType = sourcecode.swift; path = WireRow.swift; sourceTree = "<group>"; };
		766764142405C8D90067241F /* wireData.json */ = {isa = PBXFileReference; fileEncoding = 4; lastKnownFileType = text.json; path = wireData.json; sourceTree = "<group>"; };
		766764182405CA920067241F /* WireDetail.swift */ = {isa = PBXFileReference; lastKnownFileType = sourcecode.swift; path = WireDetail.swift; sourceTree = SOURCE_ROOT; };
		7667641D2405DCD00067241F /* Wire.swift */ = {isa = PBXFileReference; lastKnownFileType = sourcecode.swift; path = Wire.swift; sourceTree = SOURCE_ROOT; };
		7667641F2405DDAD0067241F /* Data.swift */ = {isa = PBXFileReference; lastKnownFileType = sourcecode.swift; path = Data.swift; sourceTree = "<group>"; };
		766764212405DFEC0067241F /* QRViewController.swift */ = {isa = PBXFileReference; lastKnownFileType = sourcecode.swift; path = QRViewController.swift; sourceTree = "<group>"; };
		766764252405E4980067241F /* twinlake.jpg */ = {isa = PBXFileReference; lastKnownFileType = image.jpeg; path = twinlake.jpg; sourceTree = "<group>"; };
		766764262405E4990067241F /* yukon_charleyrivers.jpg */ = {isa = PBXFileReference; lastKnownFileType = image.jpeg; path = yukon_charleyrivers.jpg; sourceTree = "<group>"; };
		766764272405E4990067241F /* hiddenlake.jpg */ = {isa = PBXFileReference; lastKnownFileType = image.jpeg; path = hiddenlake.jpg; sourceTree = "<group>"; };
		766764282405E4990067241F /* lakemcdonald.jpg */ = {isa = PBXFileReference; lastKnownFileType = image.jpeg; path = lakemcdonald.jpg; sourceTree = "<group>"; };
		766764292405E4990067241F /* turtlerock.jpg */ = {isa = PBXFileReference; lastKnownFileType = image.jpeg; path = turtlerock.jpg; sourceTree = "<group>"; };
		7667642A2405E4990067241F /* chincoteague.jpg */ = {isa = PBXFileReference; lastKnownFileType = image.jpeg; path = chincoteague.jpg; sourceTree = "<group>"; };
		7667642B2405E4990067241F /* umbagog.jpg */ = {isa = PBXFileReference; lastKnownFileType = image.jpeg; path = umbagog.jpg; sourceTree = "<group>"; };
		7667642C2405E4990067241F /* chilkoottrail.jpg */ = {isa = PBXFileReference; lastKnownFileType = image.jpeg; path = chilkoottrail.jpg; sourceTree = "<group>"; };
		7667642D2405E4990067241F /* icybay.jpg */ = {isa = PBXFileReference; lastKnownFileType = image.jpeg; path = icybay.jpg; sourceTree = "<group>"; };
		7667642E2405E4990067241F /* stmarylake.jpg */ = {isa = PBXFileReference; lastKnownFileType = image.jpeg; path = stmarylake.jpg; sourceTree = "<group>"; };
		7667642F2405E4990067241F /* rainbowlake.jpg */ = {isa = PBXFileReference; lastKnownFileType = image.jpeg; path = rainbowlake.jpg; sourceTree = "<group>"; };
		766764302405E4990067241F /* silversalmoncreek.jpg */ = {isa = PBXFileReference; lastKnownFileType = image.jpeg; path = silversalmoncreek.jpg; sourceTree = "<group>"; };
		7667643D240600610067241F /* Main.storyboard */ = {isa = PBXFileReference; lastKnownFileType = file.storyboard; path = Main.storyboard; sourceTree = SOURCE_ROOT; };
		76676441240717360067241F /* LoginView.swift */ = {isa = PBXFileReference; lastKnownFileType = sourcecode.swift; path = LoginView.swift; sourceTree = "<group>"; };
		76676446240766250067241F /* ServerRec.json */ = {isa = PBXFileReference; fileEncoding = 4; lastKnownFileType = text.json; path = ServerRec.json; sourceTree = "<group>"; };
		76676448240766F90067241F /* User.swift */ = {isa = PBXFileReference; fileEncoding = 4; lastKnownFileType = sourcecode.swift; path = User.swift; sourceTree = "<group>"; };
		7667644A240787590067241F /* LoginData.swift */ = {isa = PBXFileReference; lastKnownFileType = sourcecode.swift; path = LoginData.swift; sourceTree = "<group>"; };
		7667644E240789E50067241F /* Login.swift */ = {isa = PBXFileReference; lastKnownFileType = sourcecode.swift; path = Login.swift; sourceTree = "<group>"; };
		7667645024079A050067241F /* ServerRec2.json */ = {isa = PBXFileReference; fileEncoding = 4; lastKnownFileType = text.json; path = ServerRec2.json; sourceTree = "<group>"; };
		7667645224079E170067241F /* SLAC_logo.png */ = {isa = PBXFileReference; lastKnownFileType = image.png; path = SLAC_logo.png; sourceTree = "<group>"; };
		76676454240841E20067241F /* JSONContainerCodable.swift */ = {isa = PBXFileReference; lastKnownFileType = sourcecode.swift; path = JSONContainerCodable.swift; sourceTree = "<group>"; };
		7691565C240F819100284852 /* LoginViewController.swift */ = {isa = PBXFileReference; fileEncoding = 4; lastKnownFileType = sourcecode.swift; path = LoginViewController.swift; sourceTree = "<group>"; };
		7691565E240F81AB00284852 /* ViewController.swift */ = {isa = PBXFileReference; fileEncoding = 4; lastKnownFileType = sourcecode.swift; path = ViewController.swift; sourceTree = "<group>"; };
		76915660240F81DD00284852 /* RegisterViewController.swift */ = {isa = PBXFileReference; fileEncoding = 4; lastKnownFileType = sourcecode.swift; path = RegisterViewController.swift; sourceTree = "<group>"; };
		76A28AA8240DD5FE008D8A27 /* QRCodeReaderViewControllerDelegate.swift */ = {isa = PBXFileReference; lastKnownFileType = sourcecode.swift; path = QRCodeReaderViewControllerDelegate.swift; sourceTree = "<group>"; };
		76B33B1724044B0D00CB7438 /* Authenticator.app */ = {isa = PBXFileReference; explicitFileType = wrapper.application; includeInIndex = 0; path = Authenticator.app; sourceTree = BUILT_PRODUCTS_DIR; };
		76B33B1A24044B0D00CB7438 /* AppDelegate.swift */ = {isa = PBXFileReference; lastKnownFileType = sourcecode.swift; path = AppDelegate.swift; sourceTree = "<group>"; };
		76B33B1C24044B0D00CB7438 /* SceneDelegate.swift */ = {isa = PBXFileReference; lastKnownFileType = sourcecode.swift; path = SceneDelegate.swift; sourceTree = "<group>"; };
		76B33B1E24044B0D00CB7438 /* ContentView.swift */ = {isa = PBXFileReference; lastKnownFileType = sourcecode.swift; path = ContentView.swift; sourceTree = "<group>"; };
		76B33B2024044B0E00CB7438 /* Assets.xcassets */ = {isa = PBXFileReference; lastKnownFileType = folder.assetcatalog; path = Assets.xcassets; sourceTree = "<group>"; };
		76B33B2324044B0E00CB7438 /* Preview Assets.xcassets */ = {isa = PBXFileReference; lastKnownFileType = folder.assetcatalog; path = "Preview Assets.xcassets"; sourceTree = "<group>"; };
		76B33B2624044B0E00CB7438 /* Base */ = {isa = PBXFileReference; lastKnownFileType = file.storyboard; name = Base; path = Base.lproj/LaunchScreen.storyboard; sourceTree = "<group>"; };
		76B33B2824044B0E00CB7438 /* Info.plist */ = {isa = PBXFileReference; lastKnownFileType = text.plist.xml; path = Info.plist; sourceTree = "<group>"; };
		76CEA8E6240483D300D93EBB /* authen.swift */ = {isa = PBXFileReference; lastKnownFileType = sourcecode.swift; path = authen.swift; sourceTree = "<group>"; };
		76E4A836240F21030019369A /* SwiftUIView.swift */ = {isa = PBXFileReference; lastKnownFileType = sourcecode.swift; path = SwiftUIView.swift; sourceTree = "<group>"; };
		76E4A838240F21490019369A /* QRView.swift */ = {isa = PBXFileReference; lastKnownFileType = sourcecode.swift; path = QRView.swift; sourceTree = "<group>"; };
		76F4E24C2422A62B00852F56 /* FolderRow.swift */ = {isa = PBXFileReference; lastKnownFileType = sourcecode.swift; path = FolderRow.swift; sourceTree = "<group>"; };
		76F4E24E242A5B7E00852F56 /* QRPicker.swift */ = {isa = PBXFileReference; lastKnownFileType = sourcecode.swift; path = QRPicker.swift; sourceTree = "<group>"; };
/* End PBXFileReference section */

/* Begin PBXFrameworksBuildPhase section */
		76B33B1424044B0D00CB7438 /* Frameworks */ = {
			isa = PBXFrameworksBuildPhase;
			buildActionMask = 2147483647;
			files = (
				76A28AA7240DD295008D8A27 /* QRCodeReader in Frameworks */,
			);
			runOnlyForDeploymentPostprocessing = 0;
		};
/* End PBXFrameworksBuildPhase section */

/* Begin PBXGroup section */
		7667640D2405C5200067241F /* Resources */ = {
			isa = PBXGroup;
			children = (
				76676446240766250067241F /* ServerRec.json */,
				7667645224079E170067241F /* SLAC_logo.png */,
				7667645024079A050067241F /* ServerRec2.json */,
				7667642C2405E4990067241F /* chilkoottrail.jpg */,
				7667642A2405E4990067241F /* chincoteague.jpg */,
				766764272405E4990067241F /* hiddenlake.jpg */,
				7667642D2405E4990067241F /* icybay.jpg */,
				766764282405E4990067241F /* lakemcdonald.jpg */,
				7667642F2405E4990067241F /* rainbowlake.jpg */,
				766764302405E4990067241F /* silversalmoncreek.jpg */,
				7667642E2405E4990067241F /* stmarylake.jpg */,
				766764292405E4990067241F /* turtlerock.jpg */,
				766764252405E4980067241F /* twinlake.jpg */,
				7667642B2405E4990067241F /* umbagog.jpg */,
				766764262405E4990067241F /* yukon_charleyrivers.jpg */,
				766764142405C8D90067241F /* wireData.json */,
			);
			path = Resources;
			sourceTree = "<group>";
		};
		766764112405C7010067241F /* Supporting Views */ = {
			isa = PBXGroup;
			children = (
				766764122405C72F0067241F /* WireRow.swift */,
				76F4E24C2422A62B00852F56 /* FolderRow.swift */,
			);
			path = "Supporting Views";
			sourceTree = "<group>";
		};
		7667641A2405DBF00067241F /* Models */ = {
			isa = PBXGroup;
			children = (
				7667641D2405DCD00067241F /* Wire.swift */,
				7667644E240789E50067241F /* Login.swift */,
				7667641F2405DDAD0067241F /* Data.swift */,
				7667644A240787590067241F /* LoginData.swift */,
			);
			path = Models;
			sourceTree = "<group>";
		};
		76B33B0E24044B0D00CB7438 = {
			isa = PBXGroup;
			children = (
				76E4A836240F21030019369A /* SwiftUIView.swift */,
				76E4A838240F21490019369A /* QRView.swift */,
				76676441240717360067241F /* LoginView.swift */,
				76B33B1924044B0D00CB7438 /* Authenticator */,
				76B33B1824044B0D00CB7438 /* Products */,
			);
			sourceTree = "<group>";
		};
		76B33B1824044B0D00CB7438 /* Products */ = {
			isa = PBXGroup;
			children = (
				76B33B1724044B0D00CB7438 /* Authenticator.app */,
			);
			name = Products;
			sourceTree = "<group>";
		};
		76B33B1924044B0D00CB7438 /* Authenticator */ = {
			isa = PBXGroup;
			children = (
				76676448240766F90067241F /* User.swift */,
				7667643D240600610067241F /* Main.storyboard */,
				766764182405CA920067241F /* WireDetail.swift */,
				76B33B1A24044B0D00CB7438 /* AppDelegate.swift */,
				76B33B1C24044B0D00CB7438 /* SceneDelegate.swift */,
				76B33B1E24044B0D00CB7438 /* ContentView.swift */,
				766764212405DFEC0067241F /* QRViewController.swift */,
				7691565C240F819100284852 /* LoginViewController.swift */,
				76F4E24E242A5B7E00852F56 /* QRPicker.swift */,
				7691565E240F81AB00284852 /* ViewController.swift */,
				762D811F24201800003ECC2A /* CodeScanner.swift */,
				762D812124214534003ECC2A /* QRScannerController.swift */,
				762D8123242146D7003ECC2A /* ScannerViewController.swift */,
				76915660240F81DD00284852 /* RegisterViewController.swift */,
				76676454240841E20067241F /* JSONContainerCodable.swift */,
				7667640B2405C1C00067241F /* WireList.swift */,
				7667641A2405DBF00067241F /* Models */,
				766764112405C7010067241F /* Supporting Views */,
				7667640D2405C5200067241F /* Resources */,
				76CEA8E6240483D300D93EBB /* authen.swift */,
				76B33B2024044B0E00CB7438 /* Assets.xcassets */,
				76B33B2524044B0E00CB7438 /* LaunchScreen.storyboard */,
				76B33B2824044B0E00CB7438 /* Info.plist */,
				76B33B2224044B0E00CB7438 /* Preview Content */,
				76A28AA8240DD5FE008D8A27 /* QRCodeReaderViewControllerDelegate.swift */,
			);
			path = Authenticator;
			sourceTree = "<group>";
		};
		76B33B2224044B0E00CB7438 /* Preview Content */ = {
			isa = PBXGroup;
			children = (
				76B33B2324044B0E00CB7438 /* Preview Assets.xcassets */,
			);
			path = "Preview Content";
			sourceTree = "<group>";
		};
/* End PBXGroup section */

/* Begin PBXNativeTarget section */
		76B33B1624044B0D00CB7438 /* Authenticator */ = {
			isa = PBXNativeTarget;
			buildConfigurationList = 76B33B2B24044B0E00CB7438 /* Build configuration list for PBXNativeTarget "Authenticator" */;
			buildPhases = (
				76B33B1324044B0D00CB7438 /* Sources */,
				76B33B1424044B0D00CB7438 /* Frameworks */,
				76B33B1524044B0D00CB7438 /* Resources */,
			);
			buildRules = (
			);
			dependencies = (
			);
			name = Authenticator;
			packageProductDependencies = (
				76A28AA6240DD295008D8A27 /* QRCodeReader */,
			);
			productName = Authenticator;
			productReference = 76B33B1724044B0D00CB7438 /* Authenticator.app */;
			productType = "com.apple.product-type.application";
		};
/* End PBXNativeTarget section */

/* Begin PBXProject section */
		76B33B0F24044B0D00CB7438 /* Project object */ = {
			isa = PBXProject;
			attributes = {
				LastSwiftUpdateCheck = 1130;
				LastUpgradeCheck = 1130;
				ORGANIZATIONNAME = "Christian Chaumette-Brown";
				TargetAttributes = {
					76B33B1624044B0D00CB7438 = {
						CreatedOnToolsVersion = 11.3.1;
					};
				};
			};
			buildConfigurationList = 76B33B1224044B0D00CB7438 /* Build configuration list for PBXProject "Authenticator" */;
			compatibilityVersion = "Xcode 9.3";
			developmentRegion = en;
			hasScannedForEncodings = 0;
			knownRegions = (
				en,
				Base,
			);
			mainGroup = 76B33B0E24044B0D00CB7438;
			packageReferences = (
				76A28AA5240DD295008D8A27 /* XCRemoteSwiftPackageReference "QRCodeReader" */,
			);
			productRefGroup = 76B33B1824044B0D00CB7438 /* Products */;
			projectDirPath = "";
			projectRoot = "";
			targets = (
				76B33B1624044B0D00CB7438 /* Authenticator */,
			);
		};
/* End PBXProject section */

/* Begin PBXResourcesBuildPhase section */
		76B33B1524044B0D00CB7438 /* Resources */ = {
			isa = PBXResourcesBuildPhase;
			buildActionMask = 2147483647;
			files = (
				766764372405E4990067241F /* umbagog.jpg in Resources */,
				76676447240766250067241F /* ServerRec.json in Resources */,
				766764322405E4990067241F /* yukon_charleyrivers.jpg in Resources */,
				766764312405E4990067241F /* twinlake.jpg in Resources */,
				76B33B2724044B0E00CB7438 /* LaunchScreen.storyboard in Resources */,
				766764342405E4990067241F /* lakemcdonald.jpg in Resources */,
				766764352405E4990067241F /* turtlerock.jpg in Resources */,
				7667643E240600610067241F /* Main.storyboard in Resources */,
				7667643A2405E4990067241F /* stmarylake.jpg in Resources */,
				766764382405E4990067241F /* chilkoottrail.jpg in Resources */,
				76B33B2424044B0E00CB7438 /* Preview Assets.xcassets in Resources */,
				7667645124079A060067241F /* ServerRec2.json in Resources */,
				766764152405C8D90067241F /* wireData.json in Resources */,
				766764362405E4990067241F /* chincoteague.jpg in Resources */,
				7667643C2405E4990067241F /* silversalmoncreek.jpg in Resources */,
				7667645324079E170067241F /* SLAC_logo.png in Resources */,
				76B33B2124044B0E00CB7438 /* Assets.xcassets in Resources */,
				766764332405E4990067241F /* hiddenlake.jpg in Resources */,
				7667643B2405E4990067241F /* rainbowlake.jpg in Resources */,
				766764392405E4990067241F /* icybay.jpg in Resources */,
			);
			runOnlyForDeploymentPostprocessing = 0;
		};
/* End PBXResourcesBuildPhase section */

/* Begin PBXSourcesBuildPhase section */
		76B33B1324044B0D00CB7438 /* Sources */ = {
			isa = PBXSourcesBuildPhase;
			buildActionMask = 2147483647;
			files = (
				76CEA8E7240483D300D93EBB /* authen.swift in Sources */,
				766764202405DDAD0067241F /* Data.swift in Sources */,
				76E4A837240F21030019369A /* SwiftUIView.swift in Sources */,
				7667640C2405C1C00067241F /* WireList.swift in Sources */,
				76F4E24F242A5B7F00852F56 /* QRPicker.swift in Sources */,
				7691565D240F819100284852 /* LoginViewController.swift in Sources */,
				7667641E2405DCD00067241F /* Wire.swift in Sources */,
				766764222405DFEC0067241F /* QRViewController.swift in Sources */,
				762D8124242146D7003ECC2A /* ScannerViewController.swift in Sources */,
				76B33B1B24044B0D00CB7438 /* AppDelegate.swift in Sources */,
				76676442240717360067241F /* LoginView.swift in Sources */,
				76915661240F81DD00284852 /* RegisterViewController.swift in Sources */,
				7667644F240789E50067241F /* Login.swift in Sources */,
				7691565F240F81AB00284852 /* ViewController.swift in Sources */,
				76B33B1D24044B0D00CB7438 /* SceneDelegate.swift in Sources */,
				7667644B240787590067241F /* LoginData.swift in Sources */,
				762D812224214534003ECC2A /* QRScannerController.swift in Sources */,
				76676449240766F90067241F /* User.swift in Sources */,
				766764192405CA920067241F /* WireDetail.swift in Sources */,
				76E4A839240F21490019369A /* QRView.swift in Sources */,
				76F4E24D2422A62B00852F56 /* FolderRow.swift in Sources */,
				76676455240841E20067241F /* JSONContainerCodable.swift in Sources */,
				76B33B1F24044B0D00CB7438 /* ContentView.swift in Sources */,
				76A28AA9240DD5FE008D8A27 /* QRCodeReaderViewControllerDelegate.swift in Sources */,
				766764132405C72F0067241F /* WireRow.swift in Sources */,
				762D812024201800003ECC2A /* CodeScanner.swift in Sources */,
			);
			runOnlyForDeploymentPostprocessing = 0;
		};
/* End PBXSourcesBuildPhase section */

/* Begin PBXVariantGroup section */
		76B33B2524044B0E00CB7438 /* LaunchScreen.storyboard */ = {
			isa = PBXVariantGroup;
			children = (
				76B33B2624044B0E00CB7438 /* Base */,
			);
			name = LaunchScreen.storyboard;
			sourceTree = "<group>";
		};
/* End PBXVariantGroup section */

/* Begin XCBuildConfiguration section */
		76B33B2924044B0E00CB7438 /* Debug */ = {
			isa = XCBuildConfiguration;
			buildSettings = {
				ALWAYS_SEARCH_USER_PATHS = NO;
				CLANG_ANALYZER_NONNULL = YES;
				CLANG_ANALYZER_NUMBER_OBJECT_CONVERSION = YES_AGGRESSIVE;
				CLANG_CXX_LANGUAGE_STANDARD = "gnu++14";
				CLANG_CXX_LIBRARY = "libc++";
				CLANG_ENABLE_MODULES = YES;
				CLANG_ENABLE_OBJC_ARC = YES;
				CLANG_ENABLE_OBJC_WEAK = YES;
				CLANG_WARN_BLOCK_CAPTURE_AUTORELEASING = YES;
				CLANG_WARN_BOOL_CONVERSION = YES;
				CLANG_WARN_COMMA = YES;
				CLANG_WARN_CONSTANT_CONVERSION = YES;
				CLANG_WARN_DEPRECATED_OBJC_IMPLEMENTATIONS = YES;
				CLANG_WARN_DIRECT_OBJC_ISA_USAGE = YES_ERROR;
				CLANG_WARN_DOCUMENTATION_COMMENTS = YES;
				CLANG_WARN_EMPTY_BODY = YES;
				CLANG_WARN_ENUM_CONVERSION = YES;
				CLANG_WARN_INFINITE_RECURSION = YES;
				CLANG_WARN_INT_CONVERSION = YES;
				CLANG_WARN_NON_LITERAL_NULL_CONVERSION = YES;
				CLANG_WARN_OBJC_IMPLICIT_RETAIN_SELF = YES;
				CLANG_WARN_OBJC_LITERAL_CONVERSION = YES;
				CLANG_WARN_OBJC_ROOT_CLASS = YES_ERROR;
				CLANG_WARN_RANGE_LOOP_ANALYSIS = YES;
				CLANG_WARN_STRICT_PROTOTYPES = YES;
				CLANG_WARN_SUSPICIOUS_MOVE = YES;
				CLANG_WARN_UNGUARDED_AVAILABILITY = YES_AGGRESSIVE;
				CLANG_WARN_UNREACHABLE_CODE = YES;
				CLANG_WARN__DUPLICATE_METHOD_MATCH = YES;
				COPY_PHASE_STRIP = NO;
				DEBUG_INFORMATION_FORMAT = dwarf;
				ENABLE_STRICT_OBJC_MSGSEND = YES;
				ENABLE_TESTABILITY = YES;
				GCC_C_LANGUAGE_STANDARD = gnu11;
				GCC_DYNAMIC_NO_PIC = NO;
				GCC_NO_COMMON_BLOCKS = YES;
				GCC_OPTIMIZATION_LEVEL = 0;
				GCC_PREPROCESSOR_DEFINITIONS = (
					"DEBUG=1",
					"$(inherited)",
				);
				GCC_WARN_64_TO_32_BIT_CONVERSION = YES;
				GCC_WARN_ABOUT_RETURN_TYPE = YES_ERROR;
				GCC_WARN_UNDECLARED_SELECTOR = YES;
				GCC_WARN_UNINITIALIZED_AUTOS = YES_AGGRESSIVE;
				GCC_WARN_UNUSED_FUNCTION = YES;
				GCC_WARN_UNUSED_VARIABLE = YES;
				IPHONEOS_DEPLOYMENT_TARGET = 13.2;
				MTL_ENABLE_DEBUG_INFO = INCLUDE_SOURCE;
				MTL_FAST_MATH = YES;
				ONLY_ACTIVE_ARCH = YES;
				SDKROOT = iphoneos;
				SWIFT_ACTIVE_COMPILATION_CONDITIONS = DEBUG;
				SWIFT_OPTIMIZATION_LEVEL = "-Onone";
			};
			name = Debug;
		};
		76B33B2A24044B0E00CB7438 /* Release */ = {
			isa = XCBuildConfiguration;
			buildSettings = {
				ALWAYS_SEARCH_USER_PATHS = NO;
				CLANG_ANALYZER_NONNULL = YES;
				CLANG_ANALYZER_NUMBER_OBJECT_CONVERSION = YES_AGGRESSIVE;
				CLANG_CXX_LANGUAGE_STANDARD = "gnu++14";
				CLANG_CXX_LIBRARY = "libc++";
				CLANG_ENABLE_MODULES = YES;
				CLANG_ENABLE_OBJC_ARC = YES;
				CLANG_ENABLE_OBJC_WEAK = YES;
				CLANG_WARN_BLOCK_CAPTURE_AUTORELEASING = YES;
				CLANG_WARN_BOOL_CONVERSION = YES;
				CLANG_WARN_COMMA = YES;
				CLANG_WARN_CONSTANT_CONVERSION = YES;
				CLANG_WARN_DEPRECATED_OBJC_IMPLEMENTATIONS = YES;
				CLANG_WARN_DIRECT_OBJC_ISA_USAGE = YES_ERROR;
				CLANG_WARN_DOCUMENTATION_COMMENTS = YES;
				CLANG_WARN_EMPTY_BODY = YES;
				CLANG_WARN_ENUM_CONVERSION = YES;
				CLANG_WARN_INFINITE_RECURSION = YES;
				CLANG_WARN_INT_CONVERSION = YES;
				CLANG_WARN_NON_LITERAL_NULL_CONVERSION = YES;
				CLANG_WARN_OBJC_IMPLICIT_RETAIN_SELF = YES;
				CLANG_WARN_OBJC_LITERAL_CONVERSION = YES;
				CLANG_WARN_OBJC_ROOT_CLASS = YES_ERROR;
				CLANG_WARN_RANGE_LOOP_ANALYSIS = YES;
				CLANG_WARN_STRICT_PROTOTYPES = YES;
				CLANG_WARN_SUSPICIOUS_MOVE = YES;
				CLANG_WARN_UNGUARDED_AVAILABILITY = YES_AGGRESSIVE;
				CLANG_WARN_UNREACHABLE_CODE = YES;
				CLANG_WARN__DUPLICATE_METHOD_MATCH = YES;
				COPY_PHASE_STRIP = NO;
				DEBUG_INFORMATION_FORMAT = "dwarf-with-dsym";
				ENABLE_NS_ASSERTIONS = NO;
				ENABLE_STRICT_OBJC_MSGSEND = YES;
				GCC_C_LANGUAGE_STANDARD = gnu11;
				GCC_NO_COMMON_BLOCKS = YES;
				GCC_WARN_64_TO_32_BIT_CONVERSION = YES;
				GCC_WARN_ABOUT_RETURN_TYPE = YES_ERROR;
				GCC_WARN_UNDECLARED_SELECTOR = YES;
				GCC_WARN_UNINITIALIZED_AUTOS = YES_AGGRESSIVE;
				GCC_WARN_UNUSED_FUNCTION = YES;
				GCC_WARN_UNUSED_VARIABLE = YES;
				IPHONEOS_DEPLOYMENT_TARGET = 13.2;
				MTL_ENABLE_DEBUG_INFO = NO;
				MTL_FAST_MATH = YES;
				SDKROOT = iphoneos;
				SWIFT_COMPILATION_MODE = wholemodule;
				SWIFT_OPTIMIZATION_LEVEL = "-O";
				VALIDATE_PRODUCT = YES;
			};
			name = Release;
		};
		76B33B2C24044B0E00CB7438 /* Debug */ = {
			isa = XCBuildConfiguration;
			buildSettings = {
				ASSETCATALOG_COMPILER_APPICON_NAME = AppIcon;
				CODE_SIGN_STYLE = Automatic;
				DEVELOPMENT_ASSET_PATHS = "\"Authenticator/Preview Content\"";
				DEVELOPMENT_TEAM = K642A8SNMF;
				ENABLE_PREVIEWS = YES;
				INFOPLIST_FILE = Authenticator/Info.plist;
				LD_RUNPATH_SEARCH_PATHS = (
					"$(inherited)",
					"@executable_path/Frameworks",
				);
				PRODUCT_BUNDLE_IDENTIFIER = "cchaumette-brown.Authenticator";
				PRODUCT_NAME = "$(TARGET_NAME)";
				SWIFT_VERSION = 5.0;
				TARGETED_DEVICE_FAMILY = "1,2";
			};
			name = Debug;
		};
		76B33B2D24044B0E00CB7438 /* Release */ = {
			isa = XCBuildConfiguration;
			buildSettings = {
				ASSETCATALOG_COMPILER_APPICON_NAME = AppIcon;
				CODE_SIGN_STYLE = Automatic;
				DEVELOPMENT_ASSET_PATHS = "\"Authenticator/Preview Content\"";
				DEVELOPMENT_TEAM = K642A8SNMF;
				ENABLE_PREVIEWS = YES;
				INFOPLIST_FILE = Authenticator/Info.plist;
				LD_RUNPATH_SEARCH_PATHS = (
					"$(inherited)",
					"@executable_path/Frameworks",
				);
				PRODUCT_BUNDLE_IDENTIFIER = "cchaumette-brown.Authenticator";
				PRODUCT_NAME = "$(TARGET_NAME)";
				SWIFT_VERSION = 5.0;
				TARGETED_DEVICE_FAMILY = "1,2";
			};
			name = Release;
		};
/* End XCBuildConfiguration section */

/* Begin XCConfigurationList section */
		76B33B1224044B0D00CB7438 /* Build configuration list for PBXProject "Authenticator" */ = {
			isa = XCConfigurationList;
			buildConfigurations = (
				76B33B2924044B0E00CB7438 /* Debug */,
				76B33B2A24044B0E00CB7438 /* Release */,
			);
			defaultConfigurationIsVisible = 0;
			defaultConfigurationName = Release;
		};
		76B33B2B24044B0E00CB7438 /* Build configuration list for PBXNativeTarget "Authenticator" */ = {
			isa = XCConfigurationList;
			buildConfigurations = (
				76B33B2C24044B0E00CB7438 /* Debug */,
				76B33B2D24044B0E00CB7438 /* Release */,
			);
			defaultConfigurationIsVisible = 0;
			defaultConfigurationName = Release;
		};
/* End XCConfigurationList section */

/* Begin XCRemoteSwiftPackageReference section */
		76A28AA5240DD295008D8A27 /* XCRemoteSwiftPackageReference "QRCodeReader" */ = {
			isa = XCRemoteSwiftPackageReference;
			repositoryURL = "https://github.com/yannickl/QRCodeReader.swift";
			requirement = {
				kind = upToNextMajorVersion;
				minimumVersion = 10.1.1;
			};
		};
/* End XCRemoteSwiftPackageReference section */

/* Begin XCSwiftPackageProductDependency section */
		76A28AA6240DD295008D8A27 /* QRCodeReader */ = {
			isa = XCSwiftPackageProductDependency;
			package = 76A28AA5240DD295008D8A27 /* XCRemoteSwiftPackageReference "QRCodeReader" */;
			productName = QRCodeReader;
		};
/* End XCSwiftPackageProductDependency section */
	};
	rootObject = 76B33B0F24044B0D00CB7438 /* Project object */;
}
